github.com/VladRomanciuc/Go-classes/http_server v0.0.0-20220603213049-642674a5b09f h1:U4tpEI/+2O69zs7K2OoWGYEob4IgGQzR99iq+/zpuRQ=
github.com/VladRomanciuc/Go-classes/http_server v0.0.0-20220603213049-642674a5b09f/go.mod h1:zZReKkCfnGcsvbpn7rysAewK7Ygtr/XY1BTYBykiBSw=
github.com/google/uuid v1.3.0 h1:t6JiXgmwXMjEs8VusXIJk2BXHsn+wx8BZdTaoZ5fu7I=
github.com/google/uuid v1.3.0/go.mod h1:TIyPZe4MgqvfeYDBFedMoGGpEw/LqOeaOT+nhxU+yHo=
